
Microsoft Visual Studio Solution File, Format Version 12.00
# Visual Studio Version 17
VisualStudioVersion = 17.5.002.0
MinimumVisualStudioVersion = 10.0.40219.1
Project("{9A19103F-16F7-4668-BE54-9A1E7A4F7556}") = "TravelerFellas", "TravelerFellas.csproj", "{F11F4D54-57C3-420B-BD18-D64E097535B2}"
EndProject
Global
	GlobalSection(SolutionConfigurationPlatforms) = preSolution
		Debug|Any CPU = Debug|Any CPU
		Release|Any CPU = Release|Any CPU
	EndGlobalSection
	GlobalSection(ProjectConfigurationPlatforms) = postSolution
		{F11F4D54-57C3-420B-BD18-D64E097535B2}.Debug|Any CPU.ActiveCfg = Debug|Any CPU
		{F11F4D54-57C3-420B-BD18-D64E097535B2}.Debug|Any CPU.Build.0 = Debug|Any CPU
		{F11F4D54-57C3-420B-BD18-D64E097535B2}.Release|Any CPU.ActiveCfg = Release|Any CPU
		{F11F4D54-57C3-420B-BD18-D64E097535B2}.Release|Any CPU.Build.0 = Release|Any CPU
	EndGlobalSection
	GlobalSection(SolutionProperties) = preSolution
		HideSolutionNode = FALSE
	EndGlobalSection
	GlobalSection(ExtensibilityGlobals) = postSolution
		SolutionGuid = {E734E1B6-A8ED-45CF-B4A6-40CE85F741A3}
	EndGlobalSection
EndGlobal
